// !$*UTF8*$!
{
	archiveVersion = 1;
	classes = {
	};
	objectVersion = 50;
	objects = {

/* Begin PBXBuildFile section */
		5740B3F1233934CF00A9C44D /* InstrucoesViewController.swift in Sources */ = {isa = PBXBuildFile; fileRef = 5740B3F0233934CF00A9C44D /* InstrucoesViewController.swift */; };
		5740B3F3233938B300A9C44D /* Slide.swift in Sources */ = {isa = PBXBuildFile; fileRef = 5740B3F2233938B300A9C44D /* Slide.swift */; };
		5740B3F52339391A00A9C44D /* Slide.xib in Resources */ = {isa = PBXBuildFile; fileRef = 5740B3F42339391A00A9C44D /* Slide.xib */; };
		5789F275233176530016FC56 /* Usuario.swift in Sources */ = {isa = PBXBuildFile; fileRef = 5789F274233176530016FC56 /* Usuario.swift */; };
		5789F27723317F080016FC56 /* InicioViewController.swift in Sources */ = {isa = PBXBuildFile; fileRef = 5789F27623317F080016FC56 /* InicioViewController.swift */; };
		5789F27923329ED10016FC56 /* MapaViewController.swift in Sources */ = {isa = PBXBuildFile; fileRef = 5789F27823329ED10016FC56 /* MapaViewController.swift */; };
		5789F27B2332A8DF0016FC56 /* EcoPonto.swift in Sources */ = {isa = PBXBuildFile; fileRef = 5789F27A2332A8DF0016FC56 /* EcoPonto.swift */; };
		5789F27E2332AE1F0016FC56 /* CoreLocation.framework in Frameworks */ = {isa = PBXBuildFile; fileRef = 5789F27D2332AE1F0016FC56 /* CoreLocation.framework */; };
		5789F2802332BB6F0016FC56 /* ReciclaAPI.swift in Sources */ = {isa = PBXBuildFile; fileRef = 5789F27F2332BB6F0016FC56 /* ReciclaAPI.swift */; };
		5789F28723353EE80016FC56 /* AcessoBackup.swift in Sources */ = {isa = PBXBuildFile; fileRef = 5789F28623353EE80016FC56 /* AcessoBackup.swift */; };
		57B81AF9232984B100C4EBB9 /* AppDelegate.swift in Sources */ = {isa = PBXBuildFile; fileRef = 57B81AF8232984B100C4EBB9 /* AppDelegate.swift */; };
		57B81AFB232984B100C4EBB9 /* ViewController.swift in Sources */ = {isa = PBXBuildFile; fileRef = 57B81AFA232984B100C4EBB9 /* ViewController.swift */; };
		57B81AFE232984B100C4EBB9 /* Main.storyboard in Resources */ = {isa = PBXBuildFile; fileRef = 57B81AFC232984B100C4EBB9 /* Main.storyboard */; };
		57B81B01232984B100C4EBB9 /* Recicla_Facil.xcdatamodeld in Sources */ = {isa = PBXBuildFile; fileRef = 57B81AFF232984B100C4EBB9 /* Recicla_Facil.xcdatamodeld */; };
		57B81B03232984B400C4EBB9 /* Assets.xcassets in Resources */ = {isa = PBXBuildFile; fileRef = 57B81B02232984B400C4EBB9 /* Assets.xcassets */; };
		57B81B06232984B400C4EBB9 /* LaunchScreen.storyboard in Resources */ = {isa = PBXBuildFile; fileRef = 57B81B04232984B400C4EBB9 /* LaunchScreen.storyboard */; };
		57EE82F4233BE42B00E75497 /* Acesso.swift in Sources */ = {isa = PBXBuildFile; fileRef = 57EE82F3233BE42B00E75497 /* Acesso.swift */; };
/* End PBXBuildFile section */

/* Begin PBXFileReference section */
		5740B3F0233934CF00A9C44D /* InstrucoesViewController.swift */ = {isa = PBXFileReference; lastKnownFileType = sourcecode.swift; path = InstrucoesViewController.swift; sourceTree = "<group>"; };
		5740B3F2233938B300A9C44D /* Slide.swift */ = {isa = PBXFileReference; lastKnownFileType = sourcecode.swift; path = Slide.swift; sourceTree = "<group>"; };
		5740B3F42339391A00A9C44D /* Slide.xib */ = {isa = PBXFileReference; lastKnownFileType = file.xib; path = Slide.xib; sourceTree = "<group>"; };
		5789F274233176530016FC56 /* Usuario.swift */ = {isa = PBXFileReference; lastKnownFileType = sourcecode.swift; path = Usuario.swift; sourceTree = "<group>"; };
		5789F27623317F080016FC56 /* InicioViewController.swift */ = {isa = PBXFileReference; lastKnownFileType = sourcecode.swift; path = InicioViewController.swift; sourceTree = "<group>"; };
		5789F27823329ED10016FC56 /* MapaViewController.swift */ = {isa = PBXFileReference; lastKnownFileType = sourcecode.swift; path = MapaViewController.swift; sourceTree = "<group>"; };
		5789F27A2332A8DF0016FC56 /* EcoPonto.swift */ = {isa = PBXFileReference; lastKnownFileType = sourcecode.swift; path = EcoPonto.swift; sourceTree = "<group>"; };
		5789F27D2332AE1F0016FC56 /* CoreLocation.framework */ = {isa = PBXFileReference; lastKnownFileType = wrapper.framework; name = CoreLocation.framework; path = System/Library/Frameworks/CoreLocation.framework; sourceTree = SDKROOT; };
		5789F27F2332BB6F0016FC56 /* ReciclaAPI.swift */ = {isa = PBXFileReference; lastKnownFileType = sourcecode.swift; path = ReciclaAPI.swift; sourceTree = "<group>"; };
		5789F28523340A9C0016FC56 /* reciclaFacil.json */ = {isa = PBXFileReference; lastKnownFileType = text.json; path = reciclaFacil.json; sourceTree = "<group>"; };
		5789F28623353EE80016FC56 /* AcessoBackup.swift */ = {isa = PBXFileReference; lastKnownFileType = sourcecode.swift; path = AcessoBackup.swift; sourceTree = "<group>"; };
		57B81AF5232984B100C4EBB9 /* Recicla Facil.app */ = {isa = PBXFileReference; explicitFileType = wrapper.application; includeInIndex = 0; path = "Recicla Facil.app"; sourceTree = BUILT_PRODUCTS_DIR; };
		57B81AF8232984B100C4EBB9 /* AppDelegate.swift */ = {isa = PBXFileReference; lastKnownFileType = sourcecode.swift; path = AppDelegate.swift; sourceTree = "<group>"; };
		57B81AFA232984B100C4EBB9 /* ViewController.swift */ = {isa = PBXFileReference; lastKnownFileType = sourcecode.swift; path = ViewController.swift; sourceTree = "<group>"; };
		57B81AFD232984B100C4EBB9 /* Base */ = {isa = PBXFileReference; lastKnownFileType = file.storyboard; name = Base; path = Base.lproj/Main.storyboard; sourceTree = "<group>"; };
		57B81B00232984B100C4EBB9 /* Recicla_Facil.xcdatamodel */ = {isa = PBXFileReference; lastKnownFileType = wrapper.xcdatamodel; path = Recicla_Facil.xcdatamodel; sourceTree = "<group>"; };
		57B81B02232984B400C4EBB9 /* Assets.xcassets */ = {isa = PBXFileReference; lastKnownFileType = folder.assetcatalog; path = Assets.xcassets; sourceTree = "<group>"; };
		57B81B05232984B400C4EBB9 /* Base */ = {isa = PBXFileReference; lastKnownFileType = file.storyboard; name = Base; path = Base.lproj/LaunchScreen.storyboard; sourceTree = "<group>"; };
		57B81B07232984B400C4EBB9 /* Info.plist */ = {isa = PBXFileReference; lastKnownFileType = text.plist.xml; path = Info.plist; sourceTree = "<group>"; };
		57EE82F3233BE42B00E75497 /* Acesso.swift */ = {isa = PBXFileReference; lastKnownFileType = sourcecode.swift; path = Acesso.swift; sourceTree = "<group>"; };
/* End PBXFileReference section */

/* Begin PBXFrameworksBuildPhase section */
		57B81AF2232984B100C4EBB9 /* Frameworks */ = {
			isa = PBXFrameworksBuildPhase;
			buildActionMask = 2147483647;
			files = (
				5789F27E2332AE1F0016FC56 /* CoreLocation.framework in Frameworks */,
			);
			runOnlyForDeploymentPostprocessing = 0;
		};
/* End PBXFrameworksBuildPhase section */

/* Begin PBXGroup section */
		5789F27C2332AE1E0016FC56 /* Frameworks */ = {
			isa = PBXGroup;
			children = (
				5789F27D2332AE1F0016FC56 /* CoreLocation.framework */,
			);
			name = Frameworks;
			sourceTree = "<group>";
		};
		57B81AEC232984B100C4EBB9 = {
			isa = PBXGroup;
			children = (
				5789F274233176530016FC56 /* Usuario.swift */,
				57B81AF7232984B100C4EBB9 /* Recicla Facil */,
				57B81AF6232984B100C4EBB9 /* Products */,
				5789F27C2332AE1E0016FC56 /* Frameworks */,
			);
			sourceTree = "<group>";
		};
		57B81AF6232984B100C4EBB9 /* Products */ = {
			isa = PBXGroup;
			children = (
				57B81AF5232984B100C4EBB9 /* Recicla Facil.app */,
			);
			name = Products;
			sourceTree = "<group>";
		};
		57B81AF7232984B100C4EBB9 /* Recicla Facil */ = {
			isa = PBXGroup;
			children = (
				5740B3F0233934CF00A9C44D /* InstrucoesViewController.swift */,
				5789F28523340A9C0016FC56 /* reciclaFacil.json */,
				57B81AF8232984B100C4EBB9 /* AppDelegate.swift */,
				57B81AFA232984B100C4EBB9 /* ViewController.swift */,
				57B81AFC232984B100C4EBB9 /* Main.storyboard */,
				5789F27A2332A8DF0016FC56 /* EcoPonto.swift */,
				5789F27623317F080016FC56 /* InicioViewController.swift */,
				57B81B02232984B400C4EBB9 /* Assets.xcassets */,
				57B81B04232984B400C4EBB9 /* LaunchScreen.storyboard */,
				57B81B07232984B400C4EBB9 /* Info.plist */,
				57B81AFF232984B100C4EBB9 /* Recicla_Facil.xcdatamodeld */,
				5789F27823329ED10016FC56 /* MapaViewController.swift */,
				5789F27F2332BB6F0016FC56 /* ReciclaAPI.swift */,
				5789F28623353EE80016FC56 /* AcessoBackup.swift */,
				5740B3F2233938B300A9C44D /* Slide.swift */,
				5740B3F42339391A00A9C44D /* Slide.xib */,
				57EE82F3233BE42B00E75497 /* Acesso.swift */,
			);
			path = "Recicla Facil";
			sourceTree = "<group>";
		};
/* End PBXGroup section */

/* Begin PBXNativeTarget section */
		57B81AF4232984B100C4EBB9 /* Recicla Facil */ = {
			isa = PBXNativeTarget;
			buildConfigurationList = 57B81B0A232984B400C4EBB9 /* Build configuration list for PBXNativeTarget "Recicla Facil" */;
			buildPhases = (
				57B81AF1232984B100C4EBB9 /* Sources */,
				57B81AF2232984B100C4EBB9 /* Frameworks */,
				57B81AF3232984B100C4EBB9 /* Resources */,
			);
			buildRules = (
			);
			dependencies = (
			);
			name = "Recicla Facil";
			productName = "Recicla Facil";
			productReference = 57B81AF5232984B100C4EBB9 /* Recicla Facil.app */;
			productType = "com.apple.product-type.application";
		};
/* End PBXNativeTarget section */

/* Begin PBXProject section */
		57B81AED232984B100C4EBB9 /* Project object */ = {
			isa = PBXProject;
			attributes = {
				LastSwiftUpdateCheck = 1030;
				LastUpgradeCheck = 1030;
				ORGANIZATIONNAME = aluno;
				TargetAttributes = {
					57B81AF4232984B100C4EBB9 = {
						CreatedOnToolsVersion = 10.3;
					};
				};
			};
			buildConfigurationList = 57B81AF0232984B100C4EBB9 /* Build configuration list for PBXProject "Recicla Facil" */;
			compatibilityVersion = "Xcode 9.3";
			developmentRegion = en;
			hasScannedForEncodings = 0;
			knownRegions = (
				en,
				Base,
			);
			mainGroup = 57B81AEC232984B100C4EBB9;
			productRefGroup = 57B81AF6232984B100C4EBB9 /* Products */;
			projectDirPath = "";
			projectRoot = "";
			targets = (
				57B81AF4232984B100C4EBB9 /* Recicla Facil */,
			);
		};
/* End PBXProject section */

/* Begin PBXResourcesBuildPhase section */
		57B81AF3232984B100C4EBB9 /* Resources */ = {
			isa = PBXResourcesBuildPhase;
			buildActionMask = 2147483647;
			files = (
				57B81B06232984B400C4EBB9 /* LaunchScreen.storyboard in Resources */,
				57B81B03232984B400C4EBB9 /* Assets.xcassets in Resources */,
				57B81AFE232984B100C4EBB9 /* Main.storyboard in Resources */,
				5740B3F52339391A00A9C44D /* Slide.xib in Resources */,
			);
			runOnlyForDeploymentPostprocessing = 0;
		};
/* End PBXResourcesBuildPhase section */

/* Begin PBXSourcesBuildPhase section */
		57B81AF1232984B100C4EBB9 /* Sources */ = {
			isa = PBXSourcesBuildPhase;
			buildActionMask = 2147483647;
			files = (
				5789F2802332BB6F0016FC56 /* ReciclaAPI.swift in Sources */,
				5740B3F1233934CF00A9C44D /* InstrucoesViewController.swift in Sources */,
				5789F27B2332A8DF0016FC56 /* EcoPonto.swift in Sources */,
				5789F275233176530016FC56 /* Usuario.swift in Sources */,
				57EE82F4233BE42B00E75497 /* Acesso.swift in Sources */,
				5789F27923329ED10016FC56 /* MapaViewController.swift in Sources */,
				57B81AFB232984B100C4EBB9 /* ViewController.swift in Sources */,
				57B81B01232984B100C4EBB9 /* Recicla_Facil.xcdatamodeld in Sources */,
				5740B3F3233938B300A9C44D /* Slide.swift in Sources */,
				5789F28723353EE80016FC56 /* AcessoBackup.swift in Sources */,
				5789F27723317F080016FC56 /* InicioViewController.swift in Sources */,
				57B81AF9232984B100C4EBB9 /* AppDelegate.swift in Sources */,
			);
			runOnlyForDeploymentPostprocessing = 0;
		};
/* End PBXSourcesBuildPhase section */

/* Begin PBXVariantGroup section */
		57B81AFC232984B100C4EBB9 /* Main.storyboard */ = {
			isa = PBXVariantGroup;
			children = (
				57B81AFD232984B100C4EBB9 /* Base */,
			);
			name = Main.storyboard;
			sourceTree = "<group>";
		};
		57B81B04232984B400C4EBB9 /* LaunchScreen.storyboard */ = {
			isa = PBXVariantGroup;
			children = (
				57B81B05232984B400C4EBB9 /* Base */,
			);
			name = LaunchScreen.storyboard;
			sourceTree = "<group>";
		};
/* End PBXVariantGroup section */

/* Begin XCBuildConfiguration section */
		57B81B08232984B400C4EBB9 /* Debug */ = {
			isa = XCBuildConfiguration;
			buildSettings = {
				ALWAYS_SEARCH_USER_PATHS = NO;
				CLANG_ANALYZER_NONNULL = YES;
				CLANG_ANALYZER_NUMBER_OBJECT_CONVERSION = YES_AGGRESSIVE;
				CLANG_CXX_LANGUAGE_STANDARD = "gnu++14";
				CLANG_CXX_LIBRARY = "libc++";
				CLANG_ENABLE_MODULES = YES;
				CLANG_ENABLE_OBJC_ARC = YES;
				CLANG_ENABLE_OBJC_WEAK = YES;
				CLANG_WARN_BLOCK_CAPTURE_AUTORELEASING = YES;
				CLANG_WARN_BOOL_CONVERSION = YES;
				CLANG_WARN_COMMA = YES;
				CLANG_WARN_CONSTANT_CONVERSION = YES;
				CLANG_WARN_DEPRECATED_OBJC_IMPLEMENTATIONS = YES;
				CLANG_WARN_DIRECT_OBJC_ISA_USAGE = YES_ERROR;
				CLANG_WARN_DOCUMENTATION_COMMENTS = YES;
				CLANG_WARN_EMPTY_BODY = YES;
				CLANG_WARN_ENUM_CONVERSION = YES;
				CLANG_WARN_INFINITE_RECURSION = YES;
				CLANG_WARN_INT_CONVERSION = YES;
				CLANG_WARN_NON_LITERAL_NULL_CONVERSION = YES;
				CLANG_WARN_OBJC_IMPLICIT_RETAIN_SELF = YES;
				CLANG_WARN_OBJC_LITERAL_CONVERSION = YES;
				CLANG_WARN_OBJC_ROOT_CLASS = YES_ERROR;
				CLANG_WARN_RANGE_LOOP_ANALYSIS = YES;
				CLANG_WARN_STRICT_PROTOTYPES = YES;
				CLANG_WARN_SUSPICIOUS_MOVE = YES;
				CLANG_WARN_UNGUARDED_AVAILABILITY = YES_AGGRESSIVE;
				CLANG_WARN_UNREACHABLE_CODE = YES;
				CLANG_WARN__DUPLICATE_METHOD_MATCH = YES;
				CODE_SIGN_IDENTITY = "iPhone Developer";
				COPY_PHASE_STRIP = NO;
				DEBUG_INFORMATION_FORMAT = dwarf;
				ENABLE_STRICT_OBJC_MSGSEND = YES;
				ENABLE_TESTABILITY = YES;
				GCC_C_LANGUAGE_STANDARD = gnu11;
				GCC_DYNAMIC_NO_PIC = NO;
				GCC_NO_COMMON_BLOCKS = YES;
				GCC_OPTIMIZATION_LEVEL = 0;
				GCC_PREPROCESSOR_DEFINITIONS = (
					"DEBUG=1",
					"$(inherited)",
				);
				GCC_WARN_64_TO_32_BIT_CONVERSION = YES;
				GCC_WARN_ABOUT_RETURN_TYPE = YES_ERROR;
				GCC_WARN_UNDECLARED_SELECTOR = YES;
				GCC_WARN_UNINITIALIZED_AUTOS = YES_AGGRESSIVE;
				GCC_WARN_UNUSED_FUNCTION = YES;
				GCC_WARN_UNUSED_VARIABLE = YES;
				IPHONEOS_DEPLOYMENT_TARGET = 12.4;
				MTL_ENABLE_DEBUG_INFO = INCLUDE_SOURCE;
				MTL_FAST_MATH = YES;
				ONLY_ACTIVE_ARCH = YES;
				SDKROOT = iphoneos;
				SWIFT_ACTIVE_COMPILATION_CONDITIONS = DEBUG;
				SWIFT_OPTIMIZATION_LEVEL = "-Onone";
			};
			name = Debug;
		};
		57B81B09232984B400C4EBB9 /* Release */ = {
			isa = XCBuildConfiguration;
			buildSettings = {
				ALWAYS_SEARCH_USER_PATHS = NO;
				CLANG_ANALYZER_NONNULL = YES;
				CLANG_ANALYZER_NUMBER_OBJECT_CONVERSION = YES_AGGRESSIVE;
				CLANG_CXX_LANGUAGE_STANDARD = "gnu++14";
				CLANG_CXX_LIBRARY = "libc++";
				CLANG_ENABLE_MODULES = YES;
				CLANG_ENABLE_OBJC_ARC = YES;
				CLANG_ENABLE_OBJC_WEAK = YES;
				CLANG_WARN_BLOCK_CAPTURE_AUTORELEASING = YES;
				CLANG_WARN_BOOL_CONVERSION = YES;
				CLANG_WARN_COMMA = YES;
				CLANG_WARN_CONSTANT_CONVERSION = YES;
				CLANG_WARN_DEPRECATED_OBJC_IMPLEMENTATIONS = YES;
				CLANG_WARN_DIRECT_OBJC_ISA_USAGE = YES_ERROR;
				CLANG_WARN_DOCUMENTATION_COMMENTS = YES;
				CLANG_WARN_EMPTY_BODY = YES;
				CLANG_WARN_ENUM_CONVERSION = YES;
				CLANG_WARN_INFINITE_RECURSION = YES;
				CLANG_WARN_INT_CONVERSION = YES;
				CLANG_WARN_NON_LITERAL_NULL_CONVERSION = YES;
				CLANG_WARN_OBJC_IMPLICIT_RETAIN_SELF = YES;
				CLANG_WARN_OBJC_LITERAL_CONVERSION = YES;
				CLANG_WARN_OBJC_ROOT_CLASS = YES_ERROR;
				CLANG_WARN_RANGE_LOOP_ANALYSIS = YES;
				CLANG_WARN_STRICT_PROTOTYPES = YES;
				CLANG_WARN_SUSPICIOUS_MOVE = YES;
				CLANG_WARN_UNGUARDED_AVAILABILITY = YES_AGGRESSIVE;
				CLANG_WARN_UNREACHABLE_CODE = YES;
				CLANG_WARN__DUPLICATE_METHOD_MATCH = YES;
				CODE_SIGN_IDENTITY = "iPhone Developer";
				COPY_PHASE_STRIP = NO;
				DEBUG_INFORMATION_FORMAT = "dwarf-with-dsym";
				ENABLE_NS_ASSERTIONS = NO;
				ENABLE_STRICT_OBJC_MSGSEND = YES;
				GCC_C_LANGUAGE_STANDARD = gnu11;
				GCC_NO_COMMON_BLOCKS = YES;
				GCC_WARN_64_TO_32_BIT_CONVERSION = YES;
				GCC_WARN_ABOUT_RETURN_TYPE = YES_ERROR;
				GCC_WARN_UNDECLARED_SELECTOR = YES;
				GCC_WARN_UNINITIALIZED_AUTOS = YES_AGGRESSIVE;
				GCC_WARN_UNUSED_FUNCTION = YES;
				GCC_WARN_UNUSED_VARIABLE = YES;
				IPHONEOS_DEPLOYMENT_TARGET = 12.4;
				MTL_ENABLE_DEBUG_INFO = NO;
				MTL_FAST_MATH = YES;
				SDKROOT = iphoneos;
				SWIFT_COMPILATION_MODE = wholemodule;
				SWIFT_OPTIMIZATION_LEVEL = "-O";
				VALIDATE_PRODUCT = YES;
			};
			name = Release;
		};
		57B81B0B232984B400C4EBB9 /* Debug */ = {
			isa = XCBuildConfiguration;
			buildSettings = {
				ASSETCATALOG_COMPILER_APPICON_NAME = AppIcon;
				CODE_SIGN_STYLE = Automatic;
				DEVELOPMENT_TEAM = SF6859GPHU;
				INFOPLIST_FILE = "Recicla Facil/Info.plist";
				LD_RUNPATH_SEARCH_PATHS = (
					"$(inherited)",
					"@executable_path/Frameworks",
				);
				PRODUCT_BUNDLE_IDENTIFIER = "com.aluno.Recicla-Facil";
				PRODUCT_NAME = "$(TARGET_NAME)";
				SWIFT_VERSION = 5.0;
				TARGETED_DEVICE_FAMILY = "1,2";
			};
			name = Debug;
		};
		57B81B0C232984B400C4EBB9 /* Release */ = {
			isa = XCBuildConfiguration;
			buildSettings = {
				ASSETCATALOG_COMPILER_APPICON_NAME = AppIcon;
				CODE_SIGN_STYLE = Automatic;
				DEVELOPMENT_TEAM = SF6859GPHU;
				INFOPLIST_FILE = "Recicla Facil/Info.plist";
				LD_RUNPATH_SEARCH_PATHS = (
					"$(inherited)",
					"@executable_path/Frameworks",
				);
				PRODUCT_BUNDLE_IDENTIFIER = "com.aluno.Recicla-Facil";
				PRODUCT_NAME = "$(TARGET_NAME)";
				SWIFT_VERSION = 5.0;
				TARGETED_DEVICE_FAMILY = "1,2";
			};
			name = Release;
		};
/* End XCBuildConfiguration section */

/* Begin XCConfigurationList section */
		57B81AF0232984B100C4EBB9 /* Build configuration list for PBXProject "Recicla Facil" */ = {
			isa = XCConfigurationList;
			buildConfigurations = (
				57B81B08232984B400C4EBB9 /* Debug */,
				57B81B09232984B400C4EBB9 /* Release */,
			);
			defaultConfigurationIsVisible = 0;
			defaultConfigurationName = Release;
		};
		57B81B0A232984B400C4EBB9 /* Build configuration list for PBXNativeTarget "Recicla Facil" */ = {
			isa = XCConfigurationList;
			buildConfigurations = (
				57B81B0B232984B400C4EBB9 /* Debug */,
				57B81B0C232984B400C4EBB9 /* Release */,
			);
			defaultConfigurationIsVisible = 0;
			defaultConfigurationName = Release;
		};
/* End XCConfigurationList section */

/* Begin XCVersionGroup section */
		57B81AFF232984B100C4EBB9 /* Recicla_Facil.xcdatamodeld */ = {
			isa = XCVersionGroup;
			children = (
				57B81B00232984B100C4EBB9 /* Recicla_Facil.xcdatamodel */,
			);
			currentVersion = 57B81B00232984B100C4EBB9 /* Recicla_Facil.xcdatamodel */;
			path = Recicla_Facil.xcdatamodeld;
			sourceTree = "<group>";
			versionGroupType = wrapper.xcdatamodel;
		};
/* End XCVersionGroup section */
	};
	rootObject = 57B81AED232984B100C4EBB9 /* Project object */;
}
